# THIS IS AN AUTOGENERATED FILE. DO NOT EDIT THIS FILE DIRECTLY.
# yarn lockfile v1


cookie@^0.4.0:
  version "0.4.0"
  resolved "https://registry.yarnpkg.com/cookie/-/cookie-0.4.0.tgz#beb437e7022b3b6d49019d088665303ebe9c14ba"
  integrity sha512-+Hp8fLp57wnUSt0tY0tHEXh4voZRDnoIrZPqlo3DPiI4y9lwg/jqx+1Om94/W6ZaPDOUbnjOt/99w66zk+l1Xg==

nanoid@^2.1.11:
  version "2.1.11"
  resolved "https://registry.yarnpkg.com/nanoid/-/nanoid-2.1.11.tgz#ec24b8a758d591561531b4176a01e3ab4f0f0280"
  integrity sha512-s/snB+WGm6uwi0WjsZdaVcuf3KJXlfGl2LcxgwkEwJF0D/BWzVWAZW/XY4bFaiR7s0Jk3FPvlnepg1H1b1UwlA==

next-connect@^0.6.0:
  version "0.6.0"
  resolved "https://registry.yarnpkg.com/next-connect/-/next-connect-0.6.0.tgz#5deb6ceca27da2a6dcd817d972f23cf764bc6963"
  integrity sha512-21rIe1gNuNW49d03YaxqQNEs8LlFyozsL2u5lBR0miPkelTA1yTewyTFHGhIi89ZNgQJt2x/GhFHxVIqkjECvA==
  dependencies:
    trouter "^3.1.0"

next-session@^3.0.1:
  version "3.0.1"
  resolved "https://registry.yarnpkg.com/next-session/-/next-session-3.0.1.tgz#69722d5dc4aa6b686c574738bcf1cbec10f55feb"
  integrity sha512-ZrV0x0ipoB+rOzSwbMUMX5pklJGXyIeam5TDNIJl/+FCJYkaiVzZO/9eXVGLJgywUTrnacRSht2UFZAb3nHrLQ==
  dependencies:
    cookie "^0.4.0"
    nanoid "^2.1.11"

passport-local@^1.0.0:
  version "1.0.0"
  resolved "https://registry.yarnpkg.com/passport-local/-/passport-local-1.0.0.tgz#1fe63268c92e75606626437e3b906662c15ba6ee"
  integrity sha1-H+YyaMkudWBmJkN+O5BmYsFbpu4=
  dependencies:
    passport-strategy "1.x.x"

passport-strategy@1.x.x:
  version "1.0.0"
  resolved "https://registry.yarnpkg.com/passport-strategy/-/passport-strategy-1.0.0.tgz#b5539aa8fc225a3d1ad179476ddf236b440f52e4"
  integrity sha1-tVOaqPwiWj0a0XlHbd8ja0QPUuQ=

passport@^0.4.1:
  version "0.4.1"
  resolved "https://registry.yarnpkg.com/passport/-/passport-0.4.1.tgz#941446a21cb92fc688d97a0861c38ce9f738f270"
  integrity sha512-IxXgZZs8d7uFSt3eqNjM9NQ3g3uQCW5avD8mRNoXV99Yig50vjuaez6dQK2qC0kVWPRTujxY0dWgGfT09adjYg==
  dependencies:
    passport-strategy "1.x.x"
    pause "0.0.1"

pause@0.0.1:
  version "0.0.1"
  resolved "https://registry.yarnpkg.com/pause/-/pause-0.0.1.tgz#1d408b3fdb76923b9543d96fb4c9dfd535d9cb5d"
  integrity sha1-HUCLP9t2kjuVQ9lvtMnf1TXZy10=

regexparam@^1.3.0:
  version "1.3.0"
  resolved "https://registry.yarnpkg.com/regexparam/-/regexparam-1.3.0.tgz#2fe42c93e32a40eff6235d635e0ffa344b92965f"
  integrity sha512-6IQpFBv6e5vz1QAqI+V4k8P2e/3gRrqfCJ9FI+O1FLQTO+Uz6RXZEZOPmTJ6hlGj7gkERzY5BRCv09whKP96/g==

trouter@^3.1.0:
  version "3.1.0"
  resolved "https://registry.yarnpkg.com/trouter/-/trouter-3.1.0.tgz#76f4faea81d5ebd11bba4762c664a3b55eda9b23"
  integrity sha512-3Swwu638QQWOefHLss9cdyLi5/9BKYmXZEXpH0KOFfB9YZwUAwHbDAcoYxaHfqAeFvbi/LqAK7rGkhCr1v1BJA==
  dependencies:
    regexparam "^1.3.0"
